
Microsoft Visual Studio Solution File, Format Version 12.00
# Visual Studio 2013
VisualStudioVersion = 12.0.31101.0
MinimumVisualStudioVersion = 10.0.40219.1
Project("{888888A0-9F3D-457C-B088-3A5042F75D52}") = "SuccessiveSubtraction2", "SuccessiveSubtraction2\SuccessiveSubtraction2.pyproj", "{4C4040F4-41CF-44A5-8FA0-2CBC30AE8F38}"
EndProject
Global
	GlobalSection(SolutionConfigurationPlatforms) = preSolution
		Debug|Any CPU = Debug|Any CPU
		Release|Any CPU = Release|Any CPU
	EndGlobalSection
	GlobalSection(ProjectConfigurationPlatforms) = postSolution
		{4C4040F4-41CF-44A5-8FA0-2CBC30AE8F38}.Debug|Any CPU.ActiveCfg = Debug|Any CPU
		{4C4040F4-41CF-44A5-8FA0-2CBC30AE8F38}.Release|Any CPU.ActiveCfg = Release|Any CPU
	EndGlobalSection
	GlobalSection(SolutionProperties) = preSolution
		HideSolutionNode = FALSE
	EndGlobalSection
EndGlobal
