
Microsoft Visual Studio Solution File, Format Version 12.00
# Visual Studio 2013
VisualStudioVersion = 12.0.31101.0
MinimumVisualStudioVersion = 10.0.40219.1
Project("{888888A0-9F3D-457C-B088-3A5042F75D52}") = "PatternLockBackTracking", "PatternLock\PatternLockBackTracking.pyproj", "{FEC7F6A5-CCEC-44CD-9847-04D10F5CDFD3}"
EndProject
Global
	GlobalSection(SolutionConfigurationPlatforms) = preSolution
		Debug|Any CPU = Debug|Any CPU
		Release|Any CPU = Release|Any CPU
	EndGlobalSection
	GlobalSection(ProjectConfigurationPlatforms) = postSolution
		{FEC7F6A5-CCEC-44CD-9847-04D10F5CDFD3}.Debug|Any CPU.ActiveCfg = Debug|Any CPU
		{FEC7F6A5-CCEC-44CD-9847-04D10F5CDFD3}.Release|Any CPU.ActiveCfg = Release|Any CPU
	EndGlobalSection
	GlobalSection(SolutionProperties) = preSolution
		HideSolutionNode = FALSE
	EndGlobalSection
EndGlobal
